# THIS IS AN AUTOGENERATED FILE. DO NOT EDIT THIS FILE DIRECTLY.
# yarn lockfile v1


typescript-language-server@4.3.3:
  version "4.3.3"
  resolved "https://registry.yarnpkg.com/typescript-language-server/-/typescript-language-server-4.3.3.tgz#b52836fa0ec7a9c05007af44d5a49605f5fe72e0"
  integrity sha512-3QLj57Ru9S6zv10sa4z1pA3TIR1Rdkd04Ke0EszbO4fx5PLdlYhlC/PMxwlyxls9wrZs7wPCME1Ru0s1Gabz4Q==
